// !$*UTF8*$!
{
	archiveVersion = 1;
	classes = {
	};
	objectVersion = 50;
	objects = {

/* Begin PBXBuildFile section */
		2626535A9DBC1CEF1C6B397F /* Pods_A_Category.framework in Frameworks */ = {isa = PBXBuildFile; fileRef = 2FA42E75AE957C375D8C7F56 /* Pods_A_Category.framework */; };
		84FBF81E219D1D2700C39DD6 /* AppDelegate.m in Sources */ = {isa = PBXBuildFile; fileRef = 84FBF81D219D1D2700C39DD6 /* AppDelegate.m */; };
		84FBF821219D1D2700C39DD6 /* ViewController.m in Sources */ = {isa = PBXBuildFile; fileRef = 84FBF820219D1D2700C39DD6 /* ViewController.m */; };
		84FBF824219D1D2700C39DD6 /* Main.storyboard in Resources */ = {isa = PBXBuildFile; fileRef = 84FBF822219D1D2700C39DD6 /* Main.storyboard */; };
		84FBF826219D1D2800C39DD6 /* Assets.xcassets in Resources */ = {isa = PBXBuildFile; fileRef = 84FBF825219D1D2800C39DD6 /* Assets.xcassets */; };
		84FBF829219D1D2800C39DD6 /* LaunchScreen.storyboard in Resources */ = {isa = PBXBuildFile; fileRef = 84FBF827219D1D2800C39DD6 /* LaunchScreen.storyboard */; };
		84FBF82C219D1D2800C39DD6 /* main.m in Sources */ = {isa = PBXBuildFile; fileRef = 84FBF82B219D1D2800C39DD6 /* main.m */; };
		84FBF835219D1E4B00C39DD6 /* CTMediator+A.m in Sources */ = {isa = PBXBuildFile; fileRef = 84FBF834219D1E4B00C39DD6 /* CTMediator+A.m */; };
/* End PBXBuildFile section */

/* Begin PBXFileReference section */
		2FA42E75AE957C375D8C7F56 /* Pods_A_Category.framework */ = {isa = PBXFileReference; explicitFileType = wrapper.framework; includeInIndex = 0; path = Pods_A_Category.framework; sourceTree = BUILT_PRODUCTS_DIR; };
		6E7BBB40425066C40FB49D48 /* Pods-A_Category.debug.xcconfig */ = {isa = PBXFileReference; includeInIndex = 1; lastKnownFileType = text.xcconfig; name = "Pods-A_Category.debug.xcconfig"; path = "Pods/Target Support Files/Pods-A_Category/Pods-A_Category.debug.xcconfig"; sourceTree = "<group>"; };
		84FBF819219D1D2700C39DD6 /* A_Category.app */ = {isa = PBXFileReference; explicitFileType = wrapper.application; includeInIndex = 0; path = A_Category.app; sourceTree = BUILT_PRODUCTS_DIR; };
		84FBF81C219D1D2700C39DD6 /* AppDelegate.h */ = {isa = PBXFileReference; lastKnownFileType = sourcecode.c.h; path = AppDelegate.h; sourceTree = "<group>"; };
		84FBF81D219D1D2700C39DD6 /* AppDelegate.m */ = {isa = PBXFileReference; lastKnownFileType = sourcecode.c.objc; path = AppDelegate.m; sourceTree = "<group>"; };
		84FBF81F219D1D2700C39DD6 /* ViewController.h */ = {isa = PBXFileReference; lastKnownFileType = sourcecode.c.h; path = ViewController.h; sourceTree = "<group>"; };
		84FBF820219D1D2700C39DD6 /* ViewController.m */ = {isa = PBXFileReference; lastKnownFileType = sourcecode.c.objc; path = ViewController.m; sourceTree = "<group>"; };
		84FBF823219D1D2700C39DD6 /* Base */ = {isa = PBXFileReference; lastKnownFileType = file.storyboard; name = Base; path = Base.lproj/Main.storyboard; sourceTree = "<group>"; };
		84FBF825219D1D2800C39DD6 /* Assets.xcassets */ = {isa = PBXFileReference; lastKnownFileType = folder.assetcatalog; path = Assets.xcassets; sourceTree = "<group>"; };
		84FBF828219D1D2800C39DD6 /* Base */ = {isa = PBXFileReference; lastKnownFileType = file.storyboard; name = Base; path = Base.lproj/LaunchScreen.storyboard; sourceTree = "<group>"; };
		84FBF82A219D1D2800C39DD6 /* Info.plist */ = {isa = PBXFileReference; lastKnownFileType = text.plist.xml; path = Info.plist; sourceTree = "<group>"; };
		84FBF82B219D1D2800C39DD6 /* main.m */ = {isa = PBXFileReference; lastKnownFileType = sourcecode.c.objc; path = main.m; sourceTree = "<group>"; };
		84FBF833219D1E4B00C39DD6 /* CTMediator+A.h */ = {isa = PBXFileReference; lastKnownFileType = sourcecode.c.h; path = "CTMediator+A.h"; sourceTree = "<group>"; };
		84FBF834219D1E4B00C39DD6 /* CTMediator+A.m */ = {isa = PBXFileReference; lastKnownFileType = sourcecode.c.objc; path = "CTMediator+A.m"; sourceTree = "<group>"; };
		CE713D6DE31CBFD13029A79E /* Pods-A_Category.release.xcconfig */ = {isa = PBXFileReference; includeInIndex = 1; lastKnownFileType = text.xcconfig; name = "Pods-A_Category.release.xcconfig"; path = "Pods/Target Support Files/Pods-A_Category/Pods-A_Category.release.xcconfig"; sourceTree = "<group>"; };
/* End PBXFileReference section */

/* Begin PBXFrameworksBuildPhase section */
		84FBF816219D1D2700C39DD6 /* Frameworks */ = {
			isa = PBXFrameworksBuildPhase;
			buildActionMask = 2147483647;
			files = (
				2626535A9DBC1CEF1C6B397F /* Pods_A_Category.framework in Frameworks */,
			);
			runOnlyForDeploymentPostprocessing = 0;
		};
/* End PBXFrameworksBuildPhase section */

/* Begin PBXGroup section */
		84FBF810219D1D2700C39DD6 = {
			isa = PBXGroup;
			children = (
				84FBF81B219D1D2700C39DD6 /* A_Category */,
				84FBF81A219D1D2700C39DD6 /* Products */,
				CBFA8E465F9600C780EA8370 /* Pods */,
				9E4DF87D84E4EA1247B34802 /* Frameworks */,
			);
			sourceTree = "<group>";
		};
		84FBF81A219D1D2700C39DD6 /* Products */ = {
			isa = PBXGroup;
			children = (
				84FBF819219D1D2700C39DD6 /* A_Category.app */,
			);
			name = Products;
			sourceTree = "<group>";
		};
		84FBF81B219D1D2700C39DD6 /* A_Category */ = {
			isa = PBXGroup;
			children = (
				84FBF832219D1D7900C39DD6 /* A_Category */,
				84FBF81C219D1D2700C39DD6 /* AppDelegate.h */,
				84FBF81D219D1D2700C39DD6 /* AppDelegate.m */,
				84FBF81F219D1D2700C39DD6 /* ViewController.h */,
				84FBF820219D1D2700C39DD6 /* ViewController.m */,
				84FBF822219D1D2700C39DD6 /* Main.storyboard */,
				84FBF825219D1D2800C39DD6 /* Assets.xcassets */,
				84FBF827219D1D2800C39DD6 /* LaunchScreen.storyboard */,
				84FBF82A219D1D2800C39DD6 /* Info.plist */,
				84FBF82B219D1D2800C39DD6 /* main.m */,
			);
			path = A_Category;
			sourceTree = "<group>";
		};
		84FBF832219D1D7900C39DD6 /* A_Category */ = {
			isa = PBXGroup;
			children = (
				84FBF833219D1E4B00C39DD6 /* CTMediator+A.h */,
				84FBF834219D1E4B00C39DD6 /* CTMediator+A.m */,
			);
			path = A_Category;
			sourceTree = "<group>";
		};
		9E4DF87D84E4EA1247B34802 /* Frameworks */ = {
			isa = PBXGroup;
			children = (
				2FA42E75AE957C375D8C7F56 /* Pods_A_Category.framework */,
			);
			name = Frameworks;
			sourceTree = "<group>";
		};
		CBFA8E465F9600C780EA8370 /* Pods */ = {
			isa = PBXGroup;
			children = (
				6E7BBB40425066C40FB49D48 /* Pods-A_Category.debug.xcconfig */,
				CE713D6DE31CBFD13029A79E /* Pods-A_Category.release.xcconfig */,
			);
			name = Pods;
			sourceTree = "<group>";
		};
/* End PBXGroup section */

/* Begin PBXNativeTarget section */
		84FBF818219D1D2700C39DD6 /* A_Category */ = {
			isa = PBXNativeTarget;
			buildConfigurationList = 84FBF82F219D1D2800C39DD6 /* Build configuration list for PBXNativeTarget "A_Category" */;
			buildPhases = (
				018FA2B3B89C2C120A10D35E /* [CP] Check Pods Manifest.lock */,
				84FBF815219D1D2700C39DD6 /* Sources */,
				84FBF816219D1D2700C39DD6 /* Frameworks */,
				84FBF817219D1D2700C39DD6 /* Resources */,
				1FB56ADC2FBA2EDA0E4C1A5C /* [CP] Embed Pods Frameworks */,
			);
			buildRules = (
			);
			dependencies = (
			);
			name = A_Category;
			productName = A_Category;
			productReference = 84FBF819219D1D2700C39DD6 /* A_Category.app */;
			productType = "com.apple.product-type.application";
		};
/* End PBXNativeTarget section */

/* Begin PBXProject section */
		84FBF811219D1D2700C39DD6 /* Project object */ = {
			isa = PBXProject;
			attributes = {
				LastUpgradeCheck = 1010;
				ORGANIZATIONNAME = chenyuanwei;
				TargetAttributes = {
					84FBF818219D1D2700C39DD6 = {
						CreatedOnToolsVersion = 10.1;
					};
				};
			};
			buildConfigurationList = 84FBF814219D1D2700C39DD6 /* Build configuration list for PBXProject "A_Category" */;
			compatibilityVersion = "Xcode 9.3";
			developmentRegion = en;
			hasScannedForEncodings = 0;
			knownRegions = (
				en,
				Base,
			);
			mainGroup = 84FBF810219D1D2700C39DD6;
			productRefGroup = 84FBF81A219D1D2700C39DD6 /* Products */;
			projectDirPath = "";
			projectRoot = "";
			targets = (
				84FBF818219D1D2700C39DD6 /* A_Category */,
			);
		};
/* End PBXProject section */

/* Begin PBXResourcesBuildPhase section */
		84FBF817219D1D2700C39DD6 /* Resources */ = {
			isa = PBXResourcesBuildPhase;
			buildActionMask = 2147483647;
			files = (
				84FBF829219D1D2800C39DD6 /* LaunchScreen.storyboard in Resources */,
				84FBF826219D1D2800C39DD6 /* Assets.xcassets in Resources */,
				84FBF824219D1D2700C39DD6 /* Main.storyboard in Resources */,
			);
			runOnlyForDeploymentPostprocessing = 0;
		};
/* End PBXResourcesBuildPhase section */

/* Begin PBXShellScriptBuildPhase section */
		018FA2B3B89C2C120A10D35E /* [CP] Check Pods Manifest.lock */ = {
			isa = PBXShellScriptBuildPhase;
			buildActionMask = 2147483647;
			files = (
			);
			inputFileListPaths = (
			);
			inputPaths = (
				"${PODS_PODFILE_DIR_PATH}/Podfile.lock",
				"${PODS_ROOT}/Manifest.lock",
			);
			name = "[CP] Check Pods Manifest.lock";
			outputFileListPaths = (
			);
			outputPaths = (
				"$(DERIVED_FILE_DIR)/Pods-A_Category-checkManifestLockResult.txt",
			);
			runOnlyForDeploymentPostprocessing = 0;
			shellPath = /bin/sh;
			shellScript = "diff \"${PODS_PODFILE_DIR_PATH}/Podfile.lock\" \"${PODS_ROOT}/Manifest.lock\" > /dev/null\nif [ $? != 0 ] ; then\n    # print error to STDERR\n    echo \"error: The sandbox is not in sync with the Podfile.lock. Run 'pod install' or update your CocoaPods installation.\" >&2\n    exit 1\nfi\n# This output is used by Xcode 'outputs' to avoid re-running this script phase.\necho \"SUCCESS\" > \"${SCRIPT_OUTPUT_FILE_0}\"\n";
			showEnvVarsInLog = 0;
		};
		1FB56ADC2FBA2EDA0E4C1A5C /* [CP] Embed Pods Frameworks */ = {
			isa = PBXShellScriptBuildPhase;
			buildActionMask = 2147483647;
			files = (
			);
			inputFileListPaths = (
			);
			inputPaths = (
				"${SRCROOT}/Pods/Target Support Files/Pods-A_Category/Pods-A_Category-frameworks.sh",
				"${BUILT_PRODUCTS_DIR}/CTMediator/CTMediator.framework",
			);
			name = "[CP] Embed Pods Frameworks";
			outputFileListPaths = (
			);
			outputPaths = (
				"${TARGET_BUILD_DIR}/${FRAMEWORKS_FOLDER_PATH}/CTMediator.framework",
			);
			runOnlyForDeploymentPostprocessing = 0;
			shellPath = /bin/sh;
			shellScript = "\"${SRCROOT}/Pods/Target Support Files/Pods-A_Category/Pods-A_Category-frameworks.sh\"\n";
			showEnvVarsInLog = 0;
		};
/* End PBXShellScriptBuildPhase section */

/* Begin PBXSourcesBuildPhase section */
		84FBF815219D1D2700C39DD6 /* Sources */ = {
			isa = PBXSourcesBuildPhase;
			buildActionMask = 2147483647;
			files = (
				84FBF821219D1D2700C39DD6 /* ViewController.m in Sources */,
				84FBF835219D1E4B00C39DD6 /* CTMediator+A.m in Sources */,
				84FBF82C219D1D2800C39DD6 /* main.m in Sources */,
				84FBF81E219D1D2700C39DD6 /* AppDelegate.m in Sources */,
			);
			runOnlyForDeploymentPostprocessing = 0;
		};
/* End PBXSourcesBuildPhase section */

/* Begin PBXVariantGroup section */
		84FBF822219D1D2700C39DD6 /* Main.storyboard */ = {
			isa = PBXVariantGroup;
			children = (
				84FBF823219D1D2700C39DD6 /* Base */,
			);
			name = Main.storyboard;
			sourceTree = "<group>";
		};
		84FBF827219D1D2800C39DD6 /* LaunchScreen.storyboard */ = {
			isa = PBXVariantGroup;
			children = (
				84FBF828219D1D2800C39DD6 /* Base */,
			);
			name = LaunchScreen.storyboard;
			sourceTree = "<group>";
		};
/* End PBXVariantGroup section */

/* Begin XCBuildConfiguration section */
		84FBF82D219D1D2800C39DD6 /* Debug */ = {
			isa = XCBuildConfiguration;
			buildSettings = {
				ALWAYS_SEARCH_USER_PATHS = NO;
				CLANG_ANALYZER_NONNULL = YES;
				CLANG_ANALYZER_NUMBER_OBJECT_CONVERSION = YES_AGGRESSIVE;
				CLANG_CXX_LANGUAGE_STANDARD = "gnu++14";
				CLANG_CXX_LIBRARY = "libc++";
				CLANG_ENABLE_MODULES = YES;
				CLANG_ENABLE_OBJC_ARC = YES;
				CLANG_ENABLE_OBJC_WEAK = YES;
				CLANG_WARN_BLOCK_CAPTURE_AUTORELEASING = YES;
				CLANG_WARN_BOOL_CONVERSION = YES;
				CLANG_WARN_COMMA = YES;
				CLANG_WARN_CONSTANT_CONVERSION = YES;
				CLANG_WARN_DEPRECATED_OBJC_IMPLEMENTATIONS = YES;
				CLANG_WARN_DIRECT_OBJC_ISA_USAGE = YES_ERROR;
				CLANG_WARN_DOCUMENTATION_COMMENTS = YES;
				CLANG_WARN_EMPTY_BODY = YES;
				CLANG_WARN_ENUM_CONVERSION = YES;
				CLANG_WARN_INFINITE_RECURSION = YES;
				CLANG_WARN_INT_CONVERSION = YES;
				CLANG_WARN_NON_LITERAL_NULL_CONVERSION = YES;
				CLANG_WARN_OBJC_IMPLICIT_RETAIN_SELF = YES;
				CLANG_WARN_OBJC_LITERAL_CONVERSION = YES;
				CLANG_WARN_OBJC_ROOT_CLASS = YES_ERROR;
				CLANG_WARN_RANGE_LOOP_ANALYSIS = YES;
				CLANG_WARN_STRICT_PROTOTYPES = YES;
				CLANG_WARN_SUSPICIOUS_MOVE = YES;
				CLANG_WARN_UNGUARDED_AVAILABILITY = YES_AGGRESSIVE;
				CLANG_WARN_UNREACHABLE_CODE = YES;
				CLANG_WARN__DUPLICATE_METHOD_MATCH = YES;
				CODE_SIGN_IDENTITY = "iPhone Developer";
				COPY_PHASE_STRIP = NO;
				DEBUG_INFORMATION_FORMAT = dwarf;
				ENABLE_STRICT_OBJC_MSGSEND = YES;
				ENABLE_TESTABILITY = YES;
				GCC_C_LANGUAGE_STANDARD = gnu11;
				GCC_DYNAMIC_NO_PIC = NO;
				GCC_NO_COMMON_BLOCKS = YES;
				GCC_OPTIMIZATION_LEVEL = 0;
				GCC_PREPROCESSOR_DEFINITIONS = (
					"DEBUG=1",
					"$(inherited)",
				);
				GCC_WARN_64_TO_32_BIT_CONVERSION = YES;
				GCC_WARN_ABOUT_RETURN_TYPE = YES_ERROR;
				GCC_WARN_UNDECLARED_SELECTOR = YES;
				GCC_WARN_UNINITIALIZED_AUTOS = YES_AGGRESSIVE;
				GCC_WARN_UNUSED_FUNCTION = YES;
				GCC_WARN_UNUSED_VARIABLE = YES;
				IPHONEOS_DEPLOYMENT_TARGET = 10.0;
				MTL_ENABLE_DEBUG_INFO = INCLUDE_SOURCE;
				MTL_FAST_MATH = YES;
				ONLY_ACTIVE_ARCH = YES;
				SDKROOT = iphoneos;
			};
			name = Debug;
		};
		84FBF82E219D1D2800C39DD6 /* Release */ = {
			isa = XCBuildConfiguration;
			buildSettings = {
				ALWAYS_SEARCH_USER_PATHS = NO;
				CLANG_ANALYZER_NONNULL = YES;
				CLANG_ANALYZER_NUMBER_OBJECT_CONVERSION = YES_AGGRESSIVE;
				CLANG_CXX_LANGUAGE_STANDARD = "gnu++14";
				CLANG_CXX_LIBRARY = "libc++";
				CLANG_ENABLE_MODULES = YES;
				CLANG_ENABLE_OBJC_ARC = YES;
				CLANG_ENABLE_OBJC_WEAK = YES;
				CLANG_WARN_BLOCK_CAPTURE_AUTORELEASING = YES;
				CLANG_WARN_BOOL_CONVERSION = YES;
				CLANG_WARN_COMMA = YES;
				CLANG_WARN_CONSTANT_CONVERSION = YES;
				CLANG_WARN_DEPRECATED_OBJC_IMPLEMENTATIONS = YES;
				CLANG_WARN_DIRECT_OBJC_ISA_USAGE = YES_ERROR;
				CLANG_WARN_DOCUMENTATION_COMMENTS = YES;
				CLANG_WARN_EMPTY_BODY = YES;
				CLANG_WARN_ENUM_CONVERSION = YES;
				CLANG_WARN_INFINITE_RECURSION = YES;
				CLANG_WARN_INT_CONVERSION = YES;
				CLANG_WARN_NON_LITERAL_NULL_CONVERSION = YES;
				CLANG_WARN_OBJC_IMPLICIT_RETAIN_SELF = YES;
				CLANG_WARN_OBJC_LITERAL_CONVERSION = YES;
				CLANG_WARN_OBJC_ROOT_CLASS = YES_ERROR;
				CLANG_WARN_RANGE_LOOP_ANALYSIS = YES;
				CLANG_WARN_STRICT_PROTOTYPES = YES;
				CLANG_WARN_SUSPICIOUS_MOVE = YES;
				CLANG_WARN_UNGUARDED_AVAILABILITY = YES_AGGRESSIVE;
				CLANG_WARN_UNREACHABLE_CODE = YES;
				CLANG_WARN__DUPLICATE_METHOD_MATCH = YES;
				CODE_SIGN_IDENTITY = "iPhone Developer";
				COPY_PHASE_STRIP = NO;
				DEBUG_INFORMATION_FORMAT = "dwarf-with-dsym";
				ENABLE_NS_ASSERTIONS = NO;
				ENABLE_STRICT_OBJC_MSGSEND = YES;
				GCC_C_LANGUAGE_STANDARD = gnu11;
				GCC_NO_COMMON_BLOCKS = YES;
				GCC_WARN_64_TO_32_BIT_CONVERSION = YES;
				GCC_WARN_ABOUT_RETURN_TYPE = YES_ERROR;
				GCC_WARN_UNDECLARED_SELECTOR = YES;
				GCC_WARN_UNINITIALIZED_AUTOS = YES_AGGRESSIVE;
				GCC_WARN_UNUSED_FUNCTION = YES;
				GCC_WARN_UNUSED_VARIABLE = YES;
				IPHONEOS_DEPLOYMENT_TARGET = 10.0;
				MTL_ENABLE_DEBUG_INFO = NO;
				MTL_FAST_MATH = YES;
				SDKROOT = iphoneos;
				VALIDATE_PRODUCT = YES;
			};
			name = Release;
		};
		84FBF830219D1D2800C39DD6 /* Debug */ = {
			isa = XCBuildConfiguration;
			baseConfigurationReference = 6E7BBB40425066C40FB49D48 /* Pods-A_Category.debug.xcconfig */;
			buildSettings = {
				ASSETCATALOG_COMPILER_APPICON_NAME = AppIcon;
				CODE_SIGN_STYLE = Manual;
				DEVELOPMENT_TEAM = "";
				INFOPLIST_FILE = A_Category/Info.plist;
				LD_RUNPATH_SEARCH_PATHS = (
					"$(inherited)",
					"@executable_path/Frameworks",
				);
				PRODUCT_BUNDLE_IDENTIFIER = "test.com.A-Category";
				PRODUCT_NAME = "$(TARGET_NAME)";
				PROVISIONING_PROFILE_SPECIFIER = "";
				TARGETED_DEVICE_FAMILY = 1;
			};
			name = Debug;
		};
		84FBF831219D1D2800C39DD6 /* Release */ = {
			isa = XCBuildConfiguration;
			baseConfigurationReference = CE713D6DE31CBFD13029A79E /* Pods-A_Category.release.xcconfig */;
			buildSettings = {
				ASSETCATALOG_COMPILER_APPICON_NAME = AppIcon;
				CODE_SIGN_STYLE = Manual;
				DEVELOPMENT_TEAM = "";
				INFOPLIST_FILE = A_Category/Info.plist;
				LD_RUNPATH_SEARCH_PATHS = (
					"$(inherited)",
					"@executable_path/Frameworks",
				);
				PRODUCT_BUNDLE_IDENTIFIER = "test.com.A-Category";
				PRODUCT_NAME = "$(TARGET_NAME)";
				PROVISIONING_PROFILE_SPECIFIER = "";
				TARGETED_DEVICE_FAMILY = 1;
			};
			name = Release;
		};
/* End XCBuildConfiguration section */

/* Begin XCConfigurationList section */
		84FBF814219D1D2700C39DD6 /* Build configuration list for PBXProject "A_Category" */ = {
			isa = XCConfigurationList;
			buildConfigurations = (
				84FBF82D219D1D2800C39DD6 /* Debug */,
				84FBF82E219D1D2800C39DD6 /* Release */,
			);
			defaultConfigurationIsVisible = 0;
			defaultConfigurationName = Release;
		};
		84FBF82F219D1D2800C39DD6 /* Build configuration list for PBXNativeTarget "A_Category" */ = {
			isa = XCConfigurationList;
			buildConfigurations = (
				84FBF830219D1D2800C39DD6 /* Debug */,
				84FBF831219D1D2800C39DD6 /* Release */,
			);
			defaultConfigurationIsVisible = 0;
			defaultConfigurationName = Release;
		};
/* End XCConfigurationList section */
	};
	rootObject = 84FBF811219D1D2700C39DD6 /* Project object */;
}
